
Microsoft Visual Studio Solution File, Format Version 12.00
# Visual Studio 15
Project("{FAE04EC0-301F-11D3-BF4B-00C04F79EFBC}") = "Unity.XR.ARFoundation.Samples", "Unity.XR.ARFoundation.Samples.csproj", "{887D8AB1-13C1-1A53-8EF4-04BF7FA6E151}"
EndProject
Project("{FAE04EC0-301F-11D3-BF4B-00C04F79EFBC}") = "Assembly-CSharp", "Assembly-CSharp.csproj", "{659452A6-CFAC-0A3C-C08A-188D198D4E42}"
EndProject
Project("{FAE04EC0-301F-11D3-BF4B-00C04F79EFBC}") = "Unity.XR.ARFoundation.Samples.Editor", "Unity.XR.ARFoundation.Samples.Editor.csproj", "{9E5A94EA-A101-82A7-7887-32E00C06F141}"
EndProject
Project("{FAE04EC0-301F-11D3-BF4B-00C04F79EFBC}") = "Unity.XR.ARFoundation.Samples.VisualScripting", "Unity.XR.ARFoundation.Samples.VisualScripting.csproj", "{550F7B66-6834-A552-D4C5-3CA34F298F6A}"
EndProject
Project("{FAE04EC0-301F-11D3-BF4B-00C04F79EFBC}") = "Unity.XR.Interaction.Toolkit.Samples.StarterAssets", "Unity.XR.Interaction.Toolkit.Samples.StarterAssets.csproj", "{F782469B-0193-BCCA-E745-D416FD31FAC2}"
EndProject
Project("{FAE04EC0-301F-11D3-BF4B-00C04F79EFBC}") = "Assembly-CSharp-Editor", "Assembly-CSharp-Editor.csproj", "{A70ABB7A-B3F9-FE3A-04EC-74357D805039}"
EndProject
Global
	GlobalSection(SolutionConfigurationPlatforms) = preSolution
		Debug|Any CPU = Debug|Any CPU
		Release|Any CPU = Release|Any CPU
	EndGlobalSection
	GlobalSection(ProjectConfigurationPlatforms) = postSolution
		{887D8AB1-13C1-1A53-8EF4-04BF7FA6E151}.Debug|Any CPU.ActiveCfg = Debug|Any CPU
		{887D8AB1-13C1-1A53-8EF4-04BF7FA6E151}.Debug|Any CPU.Build.0 = Debug|Any CPU
		{887D8AB1-13C1-1A53-8EF4-04BF7FA6E151}.Release|Any CPU.ActiveCfg = Release|Any CPU
		{887D8AB1-13C1-1A53-8EF4-04BF7FA6E151}.Release|Any CPU.Build.0 = Release|Any CPU
		{659452A6-CFAC-0A3C-C08A-188D198D4E42}.Debug|Any CPU.ActiveCfg = Debug|Any CPU
		{659452A6-CFAC-0A3C-C08A-188D198D4E42}.Debug|Any CPU.Build.0 = Debug|Any CPU
		{659452A6-CFAC-0A3C-C08A-188D198D4E42}.Release|Any CPU.ActiveCfg = Release|Any CPU
		{659452A6-CFAC-0A3C-C08A-188D198D4E42}.Release|Any CPU.Build.0 = Release|Any CPU
		{9E5A94EA-A101-82A7-7887-32E00C06F141}.Debug|Any CPU.ActiveCfg = Debug|Any CPU
		{9E5A94EA-A101-82A7-7887-32E00C06F141}.Debug|Any CPU.Build.0 = Debug|Any CPU
		{9E5A94EA-A101-82A7-7887-32E00C06F141}.Release|Any CPU.ActiveCfg = Release|Any CPU
		{9E5A94EA-A101-82A7-7887-32E00C06F141}.Release|Any CPU.Build.0 = Release|Any CPU
		{550F7B66-6834-A552-D4C5-3CA34F298F6A}.Debug|Any CPU.ActiveCfg = Debug|Any CPU
		{550F7B66-6834-A552-D4C5-3CA34F298F6A}.Debug|Any CPU.Build.0 = Debug|Any CPU
		{550F7B66-6834-A552-D4C5-3CA34F298F6A}.Release|Any CPU.ActiveCfg = Release|Any CPU
		{550F7B66-6834-A552-D4C5-3CA34F298F6A}.Release|Any CPU.Build.0 = Release|Any CPU
		{F782469B-0193-BCCA-E745-D416FD31FAC2}.Debug|Any CPU.ActiveCfg = Debug|Any CPU
		{F782469B-0193-BCCA-E745-D416FD31FAC2}.Debug|Any CPU.Build.0 = Debug|Any CPU
		{F782469B-0193-BCCA-E745-D416FD31FAC2}.Release|Any CPU.ActiveCfg = Release|Any CPU
		{F782469B-0193-BCCA-E745-D416FD31FAC2}.Release|Any CPU.Build.0 = Release|Any CPU
		{A70ABB7A-B3F9-FE3A-04EC-74357D805039}.Debug|Any CPU.ActiveCfg = Debug|Any CPU
		{A70ABB7A-B3F9-FE3A-04EC-74357D805039}.Debug|Any CPU.Build.0 = Debug|Any CPU
		{A70ABB7A-B3F9-FE3A-04EC-74357D805039}.Release|Any CPU.ActiveCfg = Release|Any CPU
		{A70ABB7A-B3F9-FE3A-04EC-74357D805039}.Release|Any CPU.Build.0 = Release|Any CPU
	EndGlobalSection
	GlobalSection(SolutionProperties) = preSolution
		HideSolutionNode = FALSE
	EndGlobalSection
EndGlobal
